// !$*UTF8*$!
{
	archiveVersion = 1;
	classes = {
	};
	objectVersion = 46;
	objects = {

/* Begin PBXBuildFile section */
		5BD220D71EE8F41E00A24F0B /* main.m in Sources */ = {isa = PBXBuildFile; fileRef = 5BD220D61EE8F41E00A24F0B /* main.m */; };
		5BD220DA1EE8F41E00A24F0B /* AppDelegate.m in Sources */ = {isa = PBXBuildFile; fileRef = 5BD220D91EE8F41E00A24F0B /* AppDelegate.m */; };
		5BD220DD1EE8F41E00A24F0B /* ViewController.m in Sources */ = {isa = PBXBuildFile; fileRef = 5BD220DC1EE8F41E00A24F0B /* ViewController.m */; };
		5BD220E01EE8F41E00A24F0B /* Main.storyboard in Resources */ = {isa = PBXBuildFile; fileRef = 5BD220DE1EE8F41E00A24F0B /* Main.storyboard */; };
		5BD220E21EE8F41E00A24F0B /* Assets.xcassets in Resources */ = {isa = PBXBuildFile; fileRef = 5BD220E11EE8F41E00A24F0B /* Assets.xcassets */; };
		5BD220E51EE8F41E00A24F0B /* LaunchScreen.storyboard in Resources */ = {isa = PBXBuildFile; fileRef = 5BD220E31EE8F41E00A24F0B /* LaunchScreen.storyboard */; };
		5BD220EE1EE8F6E900A24F0B /* RectangleView.m in Sources */ = {isa = PBXBuildFile; fileRef = 5BD220ED1EE8F6E900A24F0B /* RectangleView.m */; };
		5BD220F21EE8F9A600A24F0B /* RoundView.m in Sources */ = {isa = PBXBuildFile; fileRef = 5BD220F11EE8F9A600A24F0B /* RoundView.m */; };
		5BD220F51EE9033E00A24F0B /* RoundView1.m in Sources */ = {isa = PBXBuildFile; fileRef = 5BD220F41EE9033E00A24F0B /* RoundView1.m */; };
		5BD220F91EE908C700A24F0B /* RoundView2.m in Sources */ = {isa = PBXBuildFile; fileRef = 5BD220F81EE908C700A24F0B /* RoundView2.m */; };
		5BD220FC1EE914E000A24F0B /* RectangleView1.m in Sources */ = {isa = PBXBuildFile; fileRef = 5BD220FB1EE914E000A24F0B /* RectangleView1.m */; };
		5BD220FF1EE929FA00A24F0B /* LineView.m in Sources */ = {isa = PBXBuildFile; fileRef = 5BD220FE1EE929FA00A24F0B /* LineView.m */; };
		5BD221021EE92C8300A24F0B /* TriangleView.m in Sources */ = {isa = PBXBuildFile; fileRef = 5BD221011EE92C8300A24F0B /* TriangleView.m */; };
		5BD221051EE9301700A24F0B /* WorldView.m in Sources */ = {isa = PBXBuildFile; fileRef = 5BD221041EE9301700A24F0B /* WorldView.m */; };
		5BD221081EE9319A00A24F0B /* LineView1.m in Sources */ = {isa = PBXBuildFile; fileRef = 5BD221071EE9319A00A24F0B /* LineView1.m */; };
/* End PBXBuildFile section */

/* Begin PBXFileReference section */
		5BD220D21EE8F41E00A24F0B /* CoreGraphicDemo.app */ = {isa = PBXFileReference; explicitFileType = wrapper.application; includeInIndex = 0; path = CoreGraphicDemo.app; sourceTree = BUILT_PRODUCTS_DIR; };
		5BD220D61EE8F41E00A24F0B /* main.m */ = {isa = PBXFileReference; lastKnownFileType = sourcecode.c.objc; path = main.m; sourceTree = "<group>"; };
		5BD220D81EE8F41E00A24F0B /* AppDelegate.h */ = {isa = PBXFileReference; lastKnownFileType = sourcecode.c.h; path = AppDelegate.h; sourceTree = "<group>"; };
		5BD220D91EE8F41E00A24F0B /* AppDelegate.m */ = {isa = PBXFileReference; lastKnownFileType = sourcecode.c.objc; path = AppDelegate.m; sourceTree = "<group>"; };
		5BD220DB1EE8F41E00A24F0B /* ViewController.h */ = {isa = PBXFileReference; lastKnownFileType = sourcecode.c.h; path = ViewController.h; sourceTree = "<group>"; };
		5BD220DC1EE8F41E00A24F0B /* ViewController.m */ = {isa = PBXFileReference; lastKnownFileType = sourcecode.c.objc; path = ViewController.m; sourceTree = "<group>"; };
		5BD220DF1EE8F41E00A24F0B /* Base */ = {isa = PBXFileReference; lastKnownFileType = file.storyboard; name = Base; path = Base.lproj/Main.storyboard; sourceTree = "<group>"; };
		5BD220E11EE8F41E00A24F0B /* Assets.xcassets */ = {isa = PBXFileReference; lastKnownFileType = folder.assetcatalog; path = Assets.xcassets; sourceTree = "<group>"; };
		5BD220E41EE8F41E00A24F0B /* Base */ = {isa = PBXFileReference; lastKnownFileType = file.storyboard; name = Base; path = Base.lproj/LaunchScreen.storyboard; sourceTree = "<group>"; };
		5BD220E61EE8F41E00A24F0B /* Info.plist */ = {isa = PBXFileReference; lastKnownFileType = text.plist.xml; path = Info.plist; sourceTree = "<group>"; };
		5BD220EC1EE8F6E900A24F0B /* RectangleView.h */ = {isa = PBXFileReference; fileEncoding = 4; lastKnownFileType = sourcecode.c.h; path = RectangleView.h; sourceTree = "<group>"; };
		5BD220ED1EE8F6E900A24F0B /* RectangleView.m */ = {isa = PBXFileReference; fileEncoding = 4; lastKnownFileType = sourcecode.c.objc; path = RectangleView.m; sourceTree = "<group>"; };
		5BD220F01EE8F9A600A24F0B /* RoundView.h */ = {isa = PBXFileReference; fileEncoding = 4; lastKnownFileType = sourcecode.c.h; path = RoundView.h; sourceTree = "<group>"; };
		5BD220F11EE8F9A600A24F0B /* RoundView.m */ = {isa = PBXFileReference; fileEncoding = 4; lastKnownFileType = sourcecode.c.objc; path = RoundView.m; sourceTree = "<group>"; };
		5BD220F31EE9033E00A24F0B /* RoundView1.h */ = {isa = PBXFileReference; fileEncoding = 4; lastKnownFileType = sourcecode.c.h; path = RoundView1.h; sourceTree = "<group>"; };
		5BD220F41EE9033E00A24F0B /* RoundView1.m */ = {isa = PBXFileReference; fileEncoding = 4; lastKnownFileType = sourcecode.c.objc; path = RoundView1.m; sourceTree = "<group>"; };
		5BD220F61EE906B500A24F0B /* README.md */ = {isa = PBXFileReference; lastKnownFileType = net.daringfireball.markdown; path = README.md; sourceTree = "<group>"; };
		5BD220F71EE908C700A24F0B /* RoundView2.h */ = {isa = PBXFileReference; fileEncoding = 4; lastKnownFileType = sourcecode.c.h; path = RoundView2.h; sourceTree = "<group>"; };
		5BD220F81EE908C700A24F0B /* RoundView2.m */ = {isa = PBXFileReference; fileEncoding = 4; lastKnownFileType = sourcecode.c.objc; path = RoundView2.m; sourceTree = "<group>"; };
		5BD220FA1EE914E000A24F0B /* RectangleView1.h */ = {isa = PBXFileReference; fileEncoding = 4; lastKnownFileType = sourcecode.c.h; name = RectangleView1.h; path = Assets.xcassets/RectangleView1.h; sourceTree = "<group>"; };
		5BD220FB1EE914E000A24F0B /* RectangleView1.m */ = {isa = PBXFileReference; fileEncoding = 4; lastKnownFileType = sourcecode.c.objc; name = RectangleView1.m; path = Assets.xcassets/RectangleView1.m; sourceTree = "<group>"; };
		5BD220FD1EE929FA00A24F0B /* LineView.h */ = {isa = PBXFileReference; fileEncoding = 4; lastKnownFileType = sourcecode.c.h; path = LineView.h; sourceTree = "<group>"; };
		5BD220FE1EE929FA00A24F0B /* LineView.m */ = {isa = PBXFileReference; fileEncoding = 4; lastKnownFileType = sourcecode.c.objc; path = LineView.m; sourceTree = "<group>"; };
		5BD221001EE92C8300A24F0B /* TriangleView.h */ = {isa = PBXFileReference; fileEncoding = 4; lastKnownFileType = sourcecode.c.h; path = TriangleView.h; sourceTree = "<group>"; };
		5BD221011EE92C8300A24F0B /* TriangleView.m */ = {isa = PBXFileReference; fileEncoding = 4; lastKnownFileType = sourcecode.c.objc; path = TriangleView.m; sourceTree = "<group>"; };
		5BD221031EE9301700A24F0B /* WorldView.h */ = {isa = PBXFileReference; fileEncoding = 4; lastKnownFileType = sourcecode.c.h; path = WorldView.h; sourceTree = "<group>"; };
		5BD221041EE9301700A24F0B /* WorldView.m */ = {isa = PBXFileReference; fileEncoding = 4; lastKnownFileType = sourcecode.c.objc; path = WorldView.m; sourceTree = "<group>"; };
		5BD221061EE9319A00A24F0B /* LineView1.h */ = {isa = PBXFileReference; fileEncoding = 4; lastKnownFileType = sourcecode.c.h; path = LineView1.h; sourceTree = "<group>"; };
		5BD221071EE9319A00A24F0B /* LineView1.m */ = {isa = PBXFileReference; fileEncoding = 4; lastKnownFileType = sourcecode.c.objc; path = LineView1.m; sourceTree = "<group>"; };
/* End PBXFileReference section */

/* Begin PBXFrameworksBuildPhase section */
		5BD220CF1EE8F41E00A24F0B /* Frameworks */ = {
			isa = PBXFrameworksBuildPhase;
			buildActionMask = 2147483647;
			files = (
			);
			runOnlyForDeploymentPostprocessing = 0;
		};
/* End PBXFrameworksBuildPhase section */

/* Begin PBXGroup section */
		5BD220C91EE8F41E00A24F0B = {
			isa = PBXGroup;
			children = (
				5BD220D41EE8F41E00A24F0B /* CoreGraphicDemo */,
				5BD220D31EE8F41E00A24F0B /* Products */,
				5BD220F61EE906B500A24F0B /* README.md */,
			);
			sourceTree = "<group>";
		};
		5BD220D31EE8F41E00A24F0B /* Products */ = {
			isa = PBXGroup;
			children = (
				5BD220D21EE8F41E00A24F0B /* CoreGraphicDemo.app */,
			);
			name = Products;
			sourceTree = "<group>";
		};
		5BD220D41EE8F41E00A24F0B /* CoreGraphicDemo */ = {
			isa = PBXGroup;
			children = (
				5BD220EF1EE8F6F700A24F0B /* view */,
				5BD220D81EE8F41E00A24F0B /* AppDelegate.h */,
				5BD220D91EE8F41E00A24F0B /* AppDelegate.m */,
				5BD220DB1EE8F41E00A24F0B /* ViewController.h */,
				5BD220DC1EE8F41E00A24F0B /* ViewController.m */,
				5BD220DE1EE8F41E00A24F0B /* Main.storyboard */,
				5BD220E11EE8F41E00A24F0B /* Assets.xcassets */,
				5BD220E31EE8F41E00A24F0B /* LaunchScreen.storyboard */,
				5BD220E61EE8F41E00A24F0B /* Info.plist */,
				5BD220D51EE8F41E00A24F0B /* Supporting Files */,
			);
			path = CoreGraphicDemo;
			sourceTree = "<group>";
		};
		5BD220D51EE8F41E00A24F0B /* Supporting Files */ = {
			isa = PBXGroup;
			children = (
				5BD220D61EE8F41E00A24F0B /* main.m */,
			);
			name = "Supporting Files";
			sourceTree = "<group>";
		};
		5BD220EF1EE8F6F700A24F0B /* view */ = {
			isa = PBXGroup;
			children = (
				5BD220EC1EE8F6E900A24F0B /* RectangleView.h */,
				5BD220ED1EE8F6E900A24F0B /* RectangleView.m */,
				5BD220FA1EE914E000A24F0B /* RectangleView1.h */,
				5BD220FB1EE914E000A24F0B /* RectangleView1.m */,
				5BD220F01EE8F9A600A24F0B /* RoundView.h */,
				5BD220F11EE8F9A600A24F0B /* RoundView.m */,
				5BD220F31EE9033E00A24F0B /* RoundView1.h */,
				5BD220F41EE9033E00A24F0B /* RoundView1.m */,
				5BD220F71EE908C700A24F0B /* RoundView2.h */,
				5BD220F81EE908C700A24F0B /* RoundView2.m */,
				5BD220FD1EE929FA00A24F0B /* LineView.h */,
				5BD220FE1EE929FA00A24F0B /* LineView.m */,
				5BD221061EE9319A00A24F0B /* LineView1.h */,
				5BD221071EE9319A00A24F0B /* LineView1.m */,
				5BD221001EE92C8300A24F0B /* TriangleView.h */,
				5BD221011EE92C8300A24F0B /* TriangleView.m */,
				5BD221031EE9301700A24F0B /* WorldView.h */,
				5BD221041EE9301700A24F0B /* WorldView.m */,
			);
			name = view;
			sourceTree = "<group>";
		};
/* End PBXGroup section */

/* Begin PBXNativeTarget section */
		5BD220D11EE8F41E00A24F0B /* CoreGraphicDemo */ = {
			isa = PBXNativeTarget;
			buildConfigurationList = 5BD220E91EE8F41E00A24F0B /* Build configuration list for PBXNativeTarget "CoreGraphicDemo" */;
			buildPhases = (
				5BD220CE1EE8F41E00A24F0B /* Sources */,
				5BD220CF1EE8F41E00A24F0B /* Frameworks */,
				5BD220D01EE8F41E00A24F0B /* Resources */,
			);
			buildRules = (
			);
			dependencies = (
			);
			name = CoreGraphicDemo;
			productName = CoreGraphicDemo;
			productReference = 5BD220D21EE8F41E00A24F0B /* CoreGraphicDemo.app */;
			productType = "com.apple.product-type.application";
		};
/* End PBXNativeTarget section */

/* Begin PBXProject section */
		5BD220CA1EE8F41E00A24F0B /* Project object */ = {
			isa = PBXProject;
			attributes = {
				LastUpgradeCheck = 0830;
				ORGANIZATIONNAME = supozheng;
				TargetAttributes = {
					5BD220D11EE8F41E00A24F0B = {
						CreatedOnToolsVersion = 8.3.2;
						ProvisioningStyle = Automatic;
					};
				};
			};
			buildConfigurationList = 5BD220CD1EE8F41E00A24F0B /* Build configuration list for PBXProject "CoreGraphicDemo" */;
			compatibilityVersion = "Xcode 3.2";
			developmentRegion = English;
			hasScannedForEncodings = 0;
			knownRegions = (
				en,
				Base,
			);
			mainGroup = 5BD220C91EE8F41E00A24F0B;
			productRefGroup = 5BD220D31EE8F41E00A24F0B /* Products */;
			projectDirPath = "";
			projectRoot = "";
			targets = (
				5BD220D11EE8F41E00A24F0B /* CoreGraphicDemo */,
			);
		};
/* End PBXProject section */

/* Begin PBXResourcesBuildPhase section */
		5BD220D01EE8F41E00A24F0B /* Resources */ = {
			isa = PBXResourcesBuildPhase;
			buildActionMask = 2147483647;
			files = (
				5BD220E51EE8F41E00A24F0B /* LaunchScreen.storyboard in Resources */,
				5BD220E21EE8F41E00A24F0B /* Assets.xcassets in Resources */,
				5BD220E01EE8F41E00A24F0B /* Main.storyboard in Resources */,
			);
			runOnlyForDeploymentPostprocessing = 0;
		};
/* End PBXResourcesBuildPhase section */

/* Begin PBXSourcesBuildPhase section */
		5BD220CE1EE8F41E00A24F0B /* Sources */ = {
			isa = PBXSourcesBuildPhase;
			buildActionMask = 2147483647;
			files = (
				5BD220F21EE8F9A600A24F0B /* RoundView.m in Sources */,
				5BD220DD1EE8F41E00A24F0B /* ViewController.m in Sources */,
				5BD221021EE92C8300A24F0B /* TriangleView.m in Sources */,
				5BD221051EE9301700A24F0B /* WorldView.m in Sources */,
				5BD220FF1EE929FA00A24F0B /* LineView.m in Sources */,
				5BD220DA1EE8F41E00A24F0B /* AppDelegate.m in Sources */,
				5BD221081EE9319A00A24F0B /* LineView1.m in Sources */,
				5BD220F51EE9033E00A24F0B /* RoundView1.m in Sources */,
				5BD220FC1EE914E000A24F0B /* RectangleView1.m in Sources */,
				5BD220F91EE908C700A24F0B /* RoundView2.m in Sources */,
				5BD220EE1EE8F6E900A24F0B /* RectangleView.m in Sources */,
				5BD220D71EE8F41E00A24F0B /* main.m in Sources */,
			);
			runOnlyForDeploymentPostprocessing = 0;
		};
/* End PBXSourcesBuildPhase section */

/* Begin PBXVariantGroup section */
		5BD220DE1EE8F41E00A24F0B /* Main.storyboard */ = {
			isa = PBXVariantGroup;
			children = (
				5BD220DF1EE8F41E00A24F0B /* Base */,
			);
			name = Main.storyboard;
			sourceTree = "<group>";
		};
		5BD220E31EE8F41E00A24F0B /* LaunchScreen.storyboard */ = {
			isa = PBXVariantGroup;
			children = (
				5BD220E41EE8F41E00A24F0B /* Base */,
			);
			name = LaunchScreen.storyboard;
			sourceTree = "<group>";
		};
/* End PBXVariantGroup section */

/* Begin XCBuildConfiguration section */
		5BD220E71EE8F41E00A24F0B /* Debug */ = {
			isa = XCBuildConfiguration;
			buildSettings = {
				ALWAYS_SEARCH_USER_PATHS = NO;
				CLANG_ANALYZER_NONNULL = YES;
				CLANG_ANALYZER_NUMBER_OBJECT_CONVERSION = YES_AGGRESSIVE;
				CLANG_CXX_LANGUAGE_STANDARD = "gnu++0x";
				CLANG_CXX_LIBRARY = "libc++";
				CLANG_ENABLE_MODULES = YES;
				CLANG_ENABLE_OBJC_ARC = YES;
				CLANG_WARN_BOOL_CONVERSION = YES;
				CLANG_WARN_CONSTANT_CONVERSION = YES;
				CLANG_WARN_DIRECT_OBJC_ISA_USAGE = YES_ERROR;
				CLANG_WARN_DOCUMENTATION_COMMENTS = YES;
				CLANG_WARN_EMPTY_BODY = YES;
				CLANG_WARN_ENUM_CONVERSION = YES;
				CLANG_WARN_INFINITE_RECURSION = YES;
				CLANG_WARN_INT_CONVERSION = YES;
				CLANG_WARN_OBJC_ROOT_CLASS = YES_ERROR;
				CLANG_WARN_SUSPICIOUS_MOVE = YES;
				CLANG_WARN_UNREACHABLE_CODE = YES;
				CLANG_WARN__DUPLICATE_METHOD_MATCH = YES;
				"CODE_SIGN_IDENTITY[sdk=iphoneos*]" = "iPhone Developer";
				COPY_PHASE_STRIP = NO;
				DEBUG_INFORMATION_FORMAT = dwarf;
				ENABLE_STRICT_OBJC_MSGSEND = YES;
				ENABLE_TESTABILITY = YES;
				GCC_C_LANGUAGE_STANDARD = gnu99;
				GCC_DYNAMIC_NO_PIC = NO;
				GCC_NO_COMMON_BLOCKS = YES;
				GCC_OPTIMIZATION_LEVEL = 0;
				GCC_PREPROCESSOR_DEFINITIONS = (
					"DEBUG=1",
					"$(inherited)",
				);
				GCC_WARN_64_TO_32_BIT_CONVERSION = YES;
				GCC_WARN_ABOUT_RETURN_TYPE = YES_ERROR;
				GCC_WARN_UNDECLARED_SELECTOR = YES;
				GCC_WARN_UNINITIALIZED_AUTOS = YES_AGGRESSIVE;
				GCC_WARN_UNUSED_FUNCTION = YES;
				GCC_WARN_UNUSED_VARIABLE = YES;
				IPHONEOS_DEPLOYMENT_TARGET = 10.3;
				MTL_ENABLE_DEBUG_INFO = YES;
				ONLY_ACTIVE_ARCH = YES;
				SDKROOT = iphoneos;
				TARGETED_DEVICE_FAMILY = "1,2";
			};
			name = Debug;
		};
		5BD220E81EE8F41E00A24F0B /* Release */ = {
			isa = XCBuildConfiguration;
			buildSettings = {
				ALWAYS_SEARCH_USER_PATHS = NO;
				CLANG_ANALYZER_NONNULL = YES;
				CLANG_ANALYZER_NUMBER_OBJECT_CONVERSION = YES_AGGRESSIVE;
				CLANG_CXX_LANGUAGE_STANDARD = "gnu++0x";
				CLANG_CXX_LIBRARY = "libc++";
				CLANG_ENABLE_MODULES = YES;
				CLANG_ENABLE_OBJC_ARC = YES;
				CLANG_WARN_BOOL_CONVERSION = YES;
				CLANG_WARN_CONSTANT_CONVERSION = YES;
				CLANG_WARN_DIRECT_OBJC_ISA_USAGE = YES_ERROR;
				CLANG_WARN_DOCUMENTATION_COMMENTS = YES;
				CLANG_WARN_EMPTY_BODY = YES;
				CLANG_WARN_ENUM_CONVERSION = YES;
				CLANG_WARN_INFINITE_RECURSION = YES;
				CLANG_WARN_INT_CONVERSION = YES;
				CLANG_WARN_OBJC_ROOT_CLASS = YES_ERROR;
				CLANG_WARN_SUSPICIOUS_MOVE = YES;
				CLANG_WARN_UNREACHABLE_CODE = YES;
				CLANG_WARN__DUPLICATE_METHOD_MATCH = YES;
				"CODE_SIGN_IDENTITY[sdk=iphoneos*]" = "iPhone Developer";
				COPY_PHASE_STRIP = NO;
				DEBUG_INFORMATION_FORMAT = "dwarf-with-dsym";
				ENABLE_NS_ASSERTIONS = NO;
				ENABLE_STRICT_OBJC_MSGSEND = YES;
				GCC_C_LANGUAGE_STANDARD = gnu99;
				GCC_NO_COMMON_BLOCKS = YES;
				GCC_WARN_64_TO_32_BIT_CONVERSION = YES;
				GCC_WARN_ABOUT_RETURN_TYPE = YES_ERROR;
				GCC_WARN_UNDECLARED_SELECTOR = YES;
				GCC_WARN_UNINITIALIZED_AUTOS = YES_AGGRESSIVE;
				GCC_WARN_UNUSED_FUNCTION = YES;
				GCC_WARN_UNUSED_VARIABLE = YES;
				IPHONEOS_DEPLOYMENT_TARGET = 10.3;
				MTL_ENABLE_DEBUG_INFO = NO;
				SDKROOT = iphoneos;
				TARGETED_DEVICE_FAMILY = "1,2";
				VALIDATE_PRODUCT = YES;
			};
			name = Release;
		};
		5BD220EA1EE8F41E00A24F0B /* Debug */ = {
			isa = XCBuildConfiguration;
			buildSettings = {
				ASSETCATALOG_COMPILER_APPICON_NAME = AppIcon;
				INFOPLIST_FILE = CoreGraphicDemo/Info.plist;
				LD_RUNPATH_SEARCH_PATHS = "$(inherited) @executable_path/Frameworks";
				PRODUCT_BUNDLE_IDENTIFIER = com.supozheng.exemple.CoreGraphicDemo;
				PRODUCT_NAME = "$(TARGET_NAME)";
			};
			name = Debug;
		};
		5BD220EB1EE8F41E00A24F0B /* Release */ = {
			isa = XCBuildConfiguration;
			buildSettings = {
				ASSETCATALOG_COMPILER_APPICON_NAME = AppIcon;
				INFOPLIST_FILE = CoreGraphicDemo/Info.plist;
				LD_RUNPATH_SEARCH_PATHS = "$(inherited) @executable_path/Frameworks";
				PRODUCT_BUNDLE_IDENTIFIER = com.supozheng.exemple.CoreGraphicDemo;
				PRODUCT_NAME = "$(TARGET_NAME)";
			};
			name = Release;
		};
/* End XCBuildConfiguration section */

/* Begin XCConfigurationList section */
		5BD220CD1EE8F41E00A24F0B /* Build configuration list for PBXProject "CoreGraphicDemo" */ = {
			isa = XCConfigurationList;
			buildConfigurations = (
				5BD220E71EE8F41E00A24F0B /* Debug */,
				5BD220E81EE8F41E00A24F0B /* Release */,
			);
			defaultConfigurationIsVisible = 0;
			defaultConfigurationName = Release;
		};
		5BD220E91EE8F41E00A24F0B /* Build configuration list for PBXNativeTarget "CoreGraphicDemo" */ = {
			isa = XCConfigurationList;
			buildConfigurations = (
				5BD220EA1EE8F41E00A24F0B /* Debug */,
				5BD220EB1EE8F41E00A24F0B /* Release */,
			);
			defaultConfigurationIsVisible = 0;
			defaultConfigurationName = Release;
		};
/* End XCConfigurationList section */
	};
	rootObject = 5BD220CA1EE8F41E00A24F0B /* Project object */;
}
